<?xml version="1.0" encoding="utf-8"?>
<Project ToolsVersion="4.0" xmlns="http://schemas.microsoft.com/developer/msbuild/2003">
  <ItemGroup>
    <Filter Include="Source Files">
      <UniqueIdentifier>{4FC737F1-C7A5-4376-A066-2A32D752A2FF}</UniqueIdentifier>
      <Extensions>cpp;c;cc;cxx;c++;cppm;ixx;def;odl;idl;hpj;bat;asm;asmx</Extensions>
    </Filter>
    <Filter Include="Header Files">
      <UniqueIdentifier>{93995380-89BD-4b04-88EB-625FBE52EBFB}</UniqueIdentifier>
      <Extensions>h;hh;hpp;hxx;h++;hm;inl;inc;ipp;xsd</Extensions>
    </Filter>
    <Filter Include="Resource Files">
      <UniqueIdentifier>{67DA6AB6-F800-4c08-8B7A-83BB121AAD01}</UniqueIdentifier>
      <Extensions>rc;ico;cur;bmp;dlg;rc2;rct;bin;rgs;gif;jpg;jpeg;jpe;resx;tiff;tif;png;wav;mfcribbon-ms</Extensions>
    </Filter>
  </ItemGroup>
  <ItemGroup>
    <ClInclude Include="Scene\Scene.hpp">
      <Filter>Header Files</Filter>
    </ClInclude>
    <ClInclude Include="Config.hpp">
      <Filter>Header Files</Filter>
    </ClInclude>
    <ClInclude Include="D3D12\D3D12Adapter.hpp">
      <Filter>Header Files</Filter>
    </ClInclude>
    <ClInclude Include="RHI\Common.hpp">
      <Filter>Header Files</Filter>
    </ClInclude>
    <ClInclude Include="RHI\Defines.hpp">
      <Filter>Header Files</Filter>
    </ClInclude>
    <ClInclude Include="D3D12\D3D12DescriptorHeap.hpp">
      <Filter>Header Files</Filter>
    </ClInclude>
    <ClInclude Include="D3D12\D3D12Utility.hpp">
      <Filter>Header Files</Filter>
    </ClInclude>
    <ClInclude Include="D3D12\D3D12Device.hpp">
      <Filter>Header Files</Filter>
    </ClInclude>
    <ClInclude Include="D3D12\D3D12CommandQueue.hpp">
      <Filter>Header Files</Filter>
    </ClInclude>
    <ClInclude Include="RHI\Types.hpp">
      <Filter>Header Files</Filter>
    </ClInclude>
    <ClInclude Include="D3D12\D3D12PipelineState.hpp">
      <Filter>Header Files</Filter>
    </ClInclude>
    <ClInclude Include="D3D12\D3D12RootSignature.hpp">
      <Filter>Header Files</Filter>
    </ClInclude>
    <ClInclude Include="D3D12\D3D12Buffer.hpp">
      <Filter>Header Files</Filter>
    </ClInclude>
    <ClInclude Include="RHI\State.hpp">
      <Filter>Header Files</Filter>
    </ClInclude>
    <ClInclude Include="D3D12\D3D12Resource.hpp">
      <Filter>Header Files</Filter>
    </ClInclude>
    <ClInclude Include="D3D12\D3D12SwapChain.hpp">
      <Filter>Header Files</Filter>
    </ClInclude>
    <ClInclude Include="D3D12\D3D12RHI.hpp">
      <Filter>Header Files</Filter>
    </ClInclude>
    <ClInclude Include="Renderer\Renderer.hpp">
      <Filter>Header Files</Filter>
    </ClInclude>
    <ClInclude Include="Asset\AssetImporter.hpp">
      <Filter>Header Files</Filter>
    </ClInclude>
    <ClInclude Include="D3D12\D3D12CommandList.hpp">
      <Filter>Header Files</Filter>
    </ClInclude>
    <ClInclude Include="Renderer\RenderPass.hpp">
      <Filter>Header Files</Filter>
    </ClInclude>
    <ClInclude Include="Renderer\Techniques\GeometryPass.hpp">
      <Filter>Header Files</Filter>
    </ClInclude>
    <ClInclude Include="D3D12\D3D12Texture.hpp">
      <Filter>Header Files</Filter>
    </ClInclude>
    <ClInclude Include="D3D12\D3D12Memory.hpp">
      <Filter>Header Files</Filter>
    </ClInclude>
    <ClInclude Include="D3D12\D3D12Shader.hpp">
      <Filter>Header Files</Filter>
    </ClInclude>
    <ClInclude Include="Asset\ShaderCompiler.hpp">
      <Filter>Header Files</Filter>
    </ClInclude>
    <ClInclude Include="D3D12\D3D12Raytracing.hpp">
      <Filter>Header Files</Filter>
    </ClInclude>
    <ClInclude Include="Graphics\Material.hpp">
      <Filter>Header Files</Filter>
    </ClInclude>
    <ClInclude Include="Scene\SceneCamera.hpp">
      <Filter>Header Files</Filter>
    </ClInclude>
    <ClInclude Include="Graphics\Mesh.hpp">
      <Filter>Header Files</Filter>
    </ClInclude>
    <ClInclude Include="ECS\Components\CameraComponent.hpp">
      <Filter>Header Files</Filter>
    </ClInclude>
    <ClInclude Include="ECS\Components\DirectionalLightComponent.hpp">
      <Filter>Header Files</Filter>
    </ClInclude>
    <ClInclude Include="ECS\Components\PointLightComponent.hpp">
      <Filter>Header Files</Filter>
    </ClInclude>
    <ClInclude Include="ECS\Components\StaticMeshComponent.hpp">
      <Filter>Header Files</Filter>
    </ClInclude>
    <ClInclude Include="ECS\Components\NameComponent.hpp">
      <Filter>Header Files</Filter>
    </ClInclude>
    <ClInclude Include="ECS\Components\TransformComponent.hpp">
      <Filter>Header Files</Filter>
    </ClInclude>
    <ClInclude Include="ECS\Entity.hpp">
      <Filter>Header Files</Filter>
    </ClInclude>
    <ClInclude Include="ECS\World.hpp">
      <Filter>Header Files</Filter>
    </ClInclude>
    <ClInclude Include="Scene\SceneSerializer.hpp">
      <Filter>Header Files</Filter>
    </ClInclude>
    <ClInclude Include="Graphics\Model.hpp">
      <Filter>Header Files</Filter>
    </ClInclude>
    <ClInclude Include="Scene\Actor.hpp">
      <Filter>Header Files</Filter>
    </ClInclude>
    <ClInclude Include="ECS\Components\BoundingBoxComponent.hpp">
      <Filter>Header Files</Filter>
    </ClInclude>
    <ClInclude Include="RHI\Constants.hpp">
      <Filter>Header Files</Filter>
    </ClInclude>
    <ClInclude Include="D3D12\D3D12UploadContext.hpp">
      <Filter>Header Files</Filter>
    </ClInclude>
    <ClInclude Include="Asset\ShaderCache.hpp">
      <Filter>Header Files</Filter>
    </ClInclude>
    <ClInclude Include="Dependencies\meshoptimizer\meshoptimizer.h">
      <Filter>Header Files</Filter>
    </ClInclude>
    <ClInclude Include="RHI\PipelineState.hpp">
      <Filter>Header Files</Filter>
    </ClInclude>
    <ClInclude Include="D3D12\D3D12StateObject.hpp">
      <Filter>Header Files</Filter>
    </ClInclude>
    <ClInclude Include="ECS\Components\Graphics\MaterialComponent.hpp">
      <Filter>Header Files</Filter>
    </ClInclude>
    <ClInclude Include="ECS\Components\Graphics\SkeletalMeshComponent.hpp">
      <Filter>Header Files</Filter>
    </ClInclude>
    <ClInclude Include="Dependencies\fastgltf\simdjson.h">
      <Filter>Header Files</Filter>
    </ClInclude>
    <ClInclude Include="Dependencies\fastgltf\base64.hpp">
      <Filter>Header Files</Filter>
    </ClInclude>
    <ClInclude Include="Dependencies\fastgltf\core.hpp">
      <Filter>Header Files</Filter>
    </ClInclude>
    <ClInclude Include="Dependencies\fastgltf\dxmath_element_traits.hpp">
      <Filter>Header Files</Filter>
    </ClInclude>
    <ClInclude Include="Dependencies\fastgltf\glm_element_traits.hpp">
      <Filter>Header Files</Filter>
    </ClInclude>
    <ClInclude Include="Dependencies\fastgltf\math.hpp">
      <Filter>Header Files</Filter>
    </ClInclude>
    <ClInclude Include="Dependencies\fastgltf\tools.hpp">
      <Filter>Header Files</Filter>
    </ClInclude>
    <ClInclude Include="Dependencies\fastgltf\types.hpp">
      <Filter>Header Files</Filter>
    </ClInclude>
    <ClInclude Include="Dependencies\fastgltf\util.hpp">
      <Filter>Header Files</Filter>
    </ClInclude>
    <ClInclude Include="D3D12\D3D12CommandSignature.hpp">
      <Filter>Header Files</Filter>
    </ClInclude>
    <ClInclude Include="Dependencies\D3D12MemoryAllocator\D3D12MemAlloc.h">
      <Filter>Header Files</Filter>
    </ClInclude>
    <ClInclude Include="ECS\Components\RootComponent.hpp">
      <Filter>Header Files</Filter>
    </ClInclude>
    <ClInclude Include="Graphics\Primitive.hpp">
      <Filter>Header Files</Filter>
    </ClInclude>
    <ClInclude Include="Graphics\Light.hpp">
      <Filter>Header Files</Filter>
    </ClInclude>
    <ClInclude Include="Renderer\Techniques\LightPass.hpp">
      <Filter>Header Files</Filter>
    </ClInclude>
  </ItemGroup>
  <ItemGroup>
    <ClCompile Include="Scene\Scene.cpp">
      <Filter>Source Files</Filter>
    </ClCompile>
    <ClCompile Include="D3D12\D3D12Adapter.cpp">
      <Filter>Source Files</Filter>
    </ClCompile>
    <ClCompile Include="D3D12\D3D12DescriptorHeap.cpp">
      <Filter>Source Files</Filter>
    </ClCompile>
    <ClCompile Include="D3D12\D3D12Utility.cpp">
      <Filter>Source Files</Filter>
    </ClCompile>
    <ClCompile Include="D3D12\D3D12Device.cpp">
      <Filter>Source Files</Filter>
    </ClCompile>
    <ClCompile Include="D3D12\D3D12CommandQueue.cpp">
      <Filter>Source Files</Filter>
    </ClCompile>
    <ClCompile Include="D3D12\D3D12PipelineState.cpp">
      <Filter>Source Files</Filter>
    </ClCompile>
    <ClCompile Include="D3D12\D3D12RootSignature.cpp">
      <Filter>Source Files</Filter>
    </ClCompile>
    <ClCompile Include="D3D12\D3D12Buffer.cpp">
      <Filter>Source Files</Filter>
    </ClCompile>
    <ClCompile Include="D3D12\D3D12Resource.cpp">
      <Filter>Source Files</Filter>
    </ClCompile>
    <ClCompile Include="D3D12\D3D12SwapChain.cpp">
      <Filter>Source Files</Filter>
    </ClCompile>
    <ClCompile Include="D3D12\D3D12RHI.cpp">
      <Filter>Source Files</Filter>
    </ClCompile>
    <ClCompile Include="Renderer\Renderer.cpp">
      <Filter>Source Files</Filter>
    </ClCompile>
    <ClCompile Include="Asset\AssetImporter.cpp">
      <Filter>Source Files</Filter>
    </ClCompile>
    <ClCompile Include="D3D12\D3D12CommandList.cpp">
      <Filter>Source Files</Filter>
    </ClCompile>
    <ClCompile Include="Renderer\RenderPass.cpp">
      <Filter>Source Files</Filter>
    </ClCompile>
    <ClCompile Include="Renderer\Techniques\GeometryPass.cpp">
      <Filter>Source Files</Filter>
    </ClCompile>
    <ClCompile Include="D3D12\D3D12Texture.cpp">
      <Filter>Source Files</Filter>
    </ClCompile>
    <ClCompile Include="Asset\ShaderCompiler.cpp">
      <Filter>Source Files</Filter>
    </ClCompile>
    <ClCompile Include="D3D12\D3D12Raytracing.cpp">
      <Filter>Source Files</Filter>
    </ClCompile>
    <ClCompile Include="Scene\SceneCamera.cpp">
      <Filter>Source Files</Filter>
    </ClCompile>
    <ClCompile Include="ECS\Entity.cpp">
      <Filter>Source Files</Filter>
    </ClCompile>
    <ClCompile Include="ECS\World.cpp">
      <Filter>Source Files</Filter>
    </ClCompile>
    <ClCompile Include="Scene\SceneSerializer.cpp">
      <Filter>Source Files</Filter>
    </ClCompile>
    <ClCompile Include="RHI\Types.cpp">
      <Filter>Source Files</Filter>
    </ClCompile>
    <ClCompile Include="Graphics\Model.cpp">
      <Filter>Source Files</Filter>
    </ClCompile>
    <ClCompile Include="D3D12\D3D12UploadContext.cpp">
      <Filter>Source Files</Filter>
    </ClCompile>
    <ClCompile Include="Dependencies\meshoptimizer\allocator.cpp">
      <Filter>Source Files</Filter>
    </ClCompile>
    <ClCompile Include="Dependencies\meshoptimizer\clusterizer.cpp">
      <Filter>Source Files</Filter>
    </ClCompile>
    <ClCompile Include="Dependencies\meshoptimizer\indexcodec.cpp">
      <Filter>Source Files</Filter>
    </ClCompile>
    <ClCompile Include="Dependencies\meshoptimizer\indexgenerator.cpp">
      <Filter>Source Files</Filter>
    </ClCompile>
    <ClCompile Include="Dependencies\meshoptimizer\overdrawanalyzer.cpp">
      <Filter>Source Files</Filter>
    </ClCompile>
    <ClCompile Include="Dependencies\meshoptimizer\overdrawoptimizer.cpp">
      <Filter>Source Files</Filter>
    </ClCompile>
    <ClCompile Include="Dependencies\meshoptimizer\quantization.cpp">
      <Filter>Source Files</Filter>
    </ClCompile>
    <ClCompile Include="Dependencies\meshoptimizer\simplifier.cpp">
      <Filter>Source Files</Filter>
    </ClCompile>
    <ClCompile Include="Dependencies\meshoptimizer\spatialorder.cpp">
      <Filter>Source Files</Filter>
    </ClCompile>
    <ClCompile Include="Dependencies\meshoptimizer\stripifier.cpp">
      <Filter>Source Files</Filter>
    </ClCompile>
    <ClCompile Include="Dependencies\meshoptimizer\vcacheanalyzer.cpp">
      <Filter>Source Files</Filter>
    </ClCompile>
    <ClCompile Include="Dependencies\meshoptimizer\vcacheoptimizer.cpp">
      <Filter>Source Files</Filter>
    </ClCompile>
    <ClCompile Include="Dependencies\meshoptimizer\vertexcodec.cpp">
      <Filter>Source Files</Filter>
    </ClCompile>
    <ClCompile Include="Dependencies\meshoptimizer\vertexfilter.cpp">
      <Filter>Source Files</Filter>
    </ClCompile>
    <ClCompile Include="Dependencies\meshoptimizer\vfetchanalyzer.cpp">
      <Filter>Source Files</Filter>
    </ClCompile>
    <ClCompile Include="Dependencies\meshoptimizer\vfetchoptimizer.cpp">
      <Filter>Source Files</Filter>
    </ClCompile>
    <ClCompile Include="D3D12\D3D12Memory.cpp">
      <Filter>Source Files</Filter>
    </ClCompile>
    <ClCompile Include="D3D12\D3D12StateObject.cpp">
      <Filter>Source Files</Filter>
    </ClCompile>
    <ClCompile Include="Asset\AssimpLoader.cpp">
      <Filter>Source Files</Filter>
    </ClCompile>
    <ClCompile Include="Asset\fastgltfLoader.cpp">
      <Filter>Source Files</Filter>
    </ClCompile>
    <ClCompile Include="Dependencies\fastgltf\src\base64.cpp">
      <Filter>Source Files</Filter>
    </ClCompile>
    <ClCompile Include="Dependencies\fastgltf\src\fastgltf.cpp">
      <Filter>Source Files</Filter>
    </ClCompile>
    <ClCompile Include="Dependencies\fastgltf\src\io.cpp">
      <Filter>Source Files</Filter>
    </ClCompile>
    <ClCompile Include="Dependencies\fastgltf\simdjson.cpp">
      <Filter>Source Files</Filter>
    </ClCompile>
    <ClCompile Include="D3D12\D3D12CommandSignature.cpp">
      <Filter>Source Files</Filter>
    </ClCompile>
    <ClCompile Include="Dependencies\D3D12MemoryAllocator\D3D12MemAlloc.cpp">
      <Filter>Source Files</Filter>
    </ClCompile>
    <ClCompile Include="Renderer\Techniques\LightPass.cpp">
      <Filter>Source Files</Filter>
    </ClCompile>
  </ItemGroup>
</Project>